
Microsoft Visual Studio Solution File, Format Version 12.00
# Visual Studio Version 16
VisualStudioVersion = 16.0.31025.194
MinimumVisualStudioVersion = 10.0.40219.1
Project("{FAE04EC0-301F-11D3-BF4B-00C04F79EFBC}") = "PS2", "PS2\PS2.csproj", "{D6F56FF0-1C30-4D85-9E43-63F450837BD2}"
EndProject
Global
	GlobalSection(SolutionConfigurationPlatforms) = preSolution
		Debug|Any CPU = Debug|Any CPU
		Release|Any CPU = Release|Any CPU
	EndGlobalSection
	GlobalSection(ProjectConfigurationPlatforms) = postSolution
		{D6F56FF0-1C30-4D85-9E43-63F450837BD2}.Debug|Any CPU.ActiveCfg = Debug|Any CPU
		{D6F56FF0-1C30-4D85-9E43-63F450837BD2}.Debug|Any CPU.Build.0 = Debug|Any CPU
		{D6F56FF0-1C30-4D85-9E43-63F450837BD2}.Release|Any CPU.ActiveCfg = Release|Any CPU
		{D6F56FF0-1C30-4D85-9E43-63F450837BD2}.Release|Any CPU.Build.0 = Release|Any CPU
	EndGlobalSection
	GlobalSection(SolutionProperties) = preSolution
		HideSolutionNode = FALSE
	EndGlobalSection
	GlobalSection(ExtensibilityGlobals) = postSolution
		SolutionGuid = {CA157697-5D7B-4FF2-A1EF-DCD4498DB8A2}
	EndGlobalSection
EndGlobal
