
Microsoft Visual Studio Solution File, Format Version 12.00
# Visual Studio Version 16
VisualStudioVersion = 16.0.31229.75
MinimumVisualStudioVersion = 10.0.40219.1
Project("{9A19103F-16F7-4668-BE54-9A1E7A4F7556}") = "Semester Project", "Semester Project\Semester Project.csproj", "{CB32F057-0666-4886-BA49-271F0FD6BB08}"
EndProject
Project("{9A19103F-16F7-4668-BE54-9A1E7A4F7556}") = "EFDataAccessLibrary", "EFDataAccessLibrary\EFDataAccessLibrary.csproj", "{2C483423-C9D8-483D-8292-327F6EFFEF9B}"
EndProject
Global
	GlobalSection(SolutionConfigurationPlatforms) = preSolution
		Debug|Any CPU = Debug|Any CPU
		Release|Any CPU = Release|Any CPU
	EndGlobalSection
	GlobalSection(ProjectConfigurationPlatforms) = postSolution
		{CB32F057-0666-4886-BA49-271F0FD6BB08}.Debug|Any CPU.ActiveCfg = Debug|Any CPU
		{CB32F057-0666-4886-BA49-271F0FD6BB08}.Debug|Any CPU.Build.0 = Debug|Any CPU
		{CB32F057-0666-4886-BA49-271F0FD6BB08}.Release|Any CPU.ActiveCfg = Release|Any CPU
		{CB32F057-0666-4886-BA49-271F0FD6BB08}.Release|Any CPU.Build.0 = Release|Any CPU
		{2C483423-C9D8-483D-8292-327F6EFFEF9B}.Debug|Any CPU.ActiveCfg = Debug|Any CPU
		{2C483423-C9D8-483D-8292-327F6EFFEF9B}.Debug|Any CPU.Build.0 = Debug|Any CPU
		{2C483423-C9D8-483D-8292-327F6EFFEF9B}.Release|Any CPU.ActiveCfg = Release|Any CPU
		{2C483423-C9D8-483D-8292-327F6EFFEF9B}.Release|Any CPU.Build.0 = Release|Any CPU
	EndGlobalSection
	GlobalSection(SolutionProperties) = preSolution
		HideSolutionNode = FALSE
	EndGlobalSection
	GlobalSection(ExtensibilityGlobals) = postSolution
		SolutionGuid = {C2654444-4ADF-42C5-9811-8DF70E4C5696}
	EndGlobalSection
EndGlobal
