
Microsoft Visual Studio Solution File, Format Version 12.00
# Visual Studio Version 16
VisualStudioVersion = 16.0.30804.86
MinimumVisualStudioVersion = 10.0.40219.1
Project("{9A19103F-16F7-4668-BE54-9A1E7A4F7556}") = "PS_02", "PS_02\PS_02.csproj", "{BF529A77-2669-4EF8-975D-14D279B967C3}"
EndProject
Global
	GlobalSection(SolutionConfigurationPlatforms) = preSolution
		Debug|Any CPU = Debug|Any CPU
		Release|Any CPU = Release|Any CPU
	EndGlobalSection
	GlobalSection(ProjectConfigurationPlatforms) = postSolution
		{BF529A77-2669-4EF8-975D-14D279B967C3}.Debug|Any CPU.ActiveCfg = Debug|Any CPU
		{BF529A77-2669-4EF8-975D-14D279B967C3}.Debug|Any CPU.Build.0 = Debug|Any CPU
		{BF529A77-2669-4EF8-975D-14D279B967C3}.Release|Any CPU.ActiveCfg = Release|Any CPU
		{BF529A77-2669-4EF8-975D-14D279B967C3}.Release|Any CPU.Build.0 = Release|Any CPU
	EndGlobalSection
	GlobalSection(SolutionProperties) = preSolution
		HideSolutionNode = FALSE
	EndGlobalSection
	GlobalSection(ExtensibilityGlobals) = postSolution
		SolutionGuid = {97EC6400-9760-417D-83DC-38671D61512A}
	EndGlobalSection
EndGlobal
